
Microsoft Visual Studio Solution File, Format Version 12.00
# Visual Studio 15
VisualStudioVersion = 15.0.28307.960
MinimumVisualStudioVersion = 10.0.40219.1
Project("{8BC9CEB8-8B4A-11D0-8D11-00A0C91BC942}") = "SoftRender", "SoftRender\SoftRender.vcxproj", "{C44BDF0E-B52A-41E5-96FA-9F0395FD9FFA}"
EndProject
Global
	GlobalSection(SolutionConfigurationPlatforms) = preSolution
		Debug|x64 = Debug|x64
		Debug|x86 = Debug|x86
		Release|x64 = Release|x64
		Release|x86 = Release|x86
	EndGlobalSection
	GlobalSection(ProjectConfigurationPlatforms) = postSolution
		{C44BDF0E-B52A-41E5-96FA-9F0395FD9FFA}.Debug|x64.ActiveCfg = Debug|x64
		{C44BDF0E-B52A-41E5-96FA-9F0395FD9FFA}.Debug|x64.Build.0 = Debug|x64
		{C44BDF0E-B52A-41E5-96FA-9F0395FD9FFA}.Debug|x86.ActiveCfg = Debug|Win32
		{C44BDF0E-B52A-41E5-96FA-9F0395FD9FFA}.Debug|x86.Build.0 = Debug|Win32
		{C44BDF0E-B52A-41E5-96FA-9F0395FD9FFA}.Release|x64.ActiveCfg = Release|x64
		{C44BDF0E-B52A-41E5-96FA-9F0395FD9FFA}.Release|x64.Build.0 = Release|x64
		{C44BDF0E-B52A-41E5-96FA-9F0395FD9FFA}.Release|x86.ActiveCfg = Release|Win32
		{C44BDF0E-B52A-41E5-96FA-9F0395FD9FFA}.Release|x86.Build.0 = Release|Win32
	EndGlobalSection
	GlobalSection(SolutionProperties) = preSolution
		HideSolutionNode = FALSE
	EndGlobalSection
	GlobalSection(ExtensibilityGlobals) = postSolution
		SolutionGuid = {A27BD66D-65BA-420E-AE0D-C2B16A317BD4}
	EndGlobalSection
EndGlobal
